{
  "version": 2,
  "dependencies": {
    "net10.0-windows10.0.19041": {
      "OpenCvSharp4": {
        "type": "Transitive",
        "resolved": "4.13.0.20260627",
        "contentHash": "nYk95jkyYY9f0sF5KqZ3OB1SWkmqsfV7eN0ROiQds/rxpSn0v1G0QIedMbwuqbdPhvQnOIG2DDmpkLnHEJMh8Q=="
      },
      "OpenCvSharp4.runtime.win": {
        "type": "Transitive",
        "resolved": "4.13.0.20260627",
        "contentHash": "POIxR+CTpwHJIdam6wd8U2fprWv5QnIUw50jw79WEGb37He3T1h11SdtwSj9p2PLSfrzonMjO2t71wqi5uFsoQ=="
      },
      "OpenCvSharp4.WpfExtensions": {
        "type": "Transitive",
        "resolved": "4.13.0.20260627",
        "contentHash": "6cxOJWTuwUGFPgeyrjCQGVtulK25ej1G6f+wW5fVUrgPSNKlUCOOpPAkgq1kHFJ22mNJAlIR8OrKpafBtS8kCA==",
        "dependencies": {
          "OpenCvSharp4": "4.13.0.20260627"
        }
      },
      "expeditionsmacro.core": {
        "type": "Project"
      },
      "expeditionsmacro.vision": {
        "type": "Project",
        "dependencies": {
          "ExpeditionsMacro.Core": "[1.0.0, )",
          "OpenCvSharp4.Windows": "[4.13.0.20260627, )"
        }
      },
      "OpenCvSharp4.Windows": {
        "type": "CentralTransitive",
        "requested": "[4.13.0.20260627, )",
        "resolved": "4.13.0.20260627",
        "contentHash": "YYJAej4HZYPmN+fG2MCUFDZ/hxsb66PJxAxKuVLFolysGl6opszhILRT2NO/ZEagnlqZ3mlUYGiOjCN0Jj276A==",
        "dependencies": {
          "OpenCvSharp4": "4.13.0.20260627",
          "OpenCvSharp4.WpfExtensions": "4.13.0.20260627",
          "OpenCvSharp4.runtime.win": "4.13.0.20260627"
        }
      }
    }
  }
}